# THIS IS AN AUTOGENERATED FILE. DO NOT EDIT THIS FILE DIRECTLY.
# yarn lockfile v1


"@cronvel/get-pixels@^3.4.1":
  "integrity" "sha512-gB5C5nDIacLUdsMuW8YsM9SzK3vaFANe4J11CVXpovpy7bZUGrcJKmc6m/0gWG789pKr6XSZY2aEetjFvSRw5g=="
  "resolved" "https://registry.npmjs.org/@cronvel/get-pixels/-/get-pixels-3.4.1.tgz"
  "version" "3.4.1"
  dependencies:
    "jpeg-js" "^0.4.4"
    "ndarray" "^1.0.19"
    "ndarray-pack" "^1.1.1"
    "node-bitmap" "0.0.1"
    "omggif" "^1.0.10"
    "pngjs" "^6.0.0"

"@tootallnate/once@2":
  "integrity" "sha512-XCuKFP5PS55gnMVu3dty8KPatLqUoy/ZYzDzAGCQ8JNFCkLXzmI7vNHCR+XpbZaMWQK/vQubr7PkYq8g470J/A=="
  "resolved" "https://registry.npmjs.org/@tootallnate/once/-/once-2.0.0.tgz"
  "version" "2.0.0"

"@types/http-errors@^1.8.2":
  "integrity" "sha512-EqX+YQxINb+MeXaIqYDASb6U6FCHbWjkj4a1CKDBks3d/QiB2+PqBLyO72vLDgAO1wUI4O+9gweRcQK11bTL/w=="
  "resolved" "https://registry.npmjs.org/@types/http-errors/-/http-errors-1.8.2.tgz"
  "version" "1.8.2"

"@types/node@^18.11.18":
  "integrity" "sha512-DHQpWGjyQKSHj3ebjFI/wRKcqQcdR+MoFBygntYOZytCqNfkd2ZC4ARDJ2DQqhjH5p85Nnd3jhUJIXrszFX/JA=="
  "resolved" "https://registry.npmjs.org/@types/node/-/node-18.11.18.tgz"
  "version" "18.11.18"

"@vitalets/google-translate-api@^9.0.0":
  "integrity" "sha512-RtnhYQk9Wb1+2jOcaOcZS8e1VPYA5hRlTjNLuAwQn9bP4j1kZwjzvEJHld4M5NBoWwfY9Cv1tP3KtUMHIzCsNw=="
  "resolved" "https://registry.npmjs.org/@vitalets/google-translate-api/-/google-translate-api-9.0.0.tgz"
  "version" "9.0.0"
  dependencies:
    "@types/http-errors" "^1.8.2"
    "http-errors" "^2.0.0"
    "node-fetch" "^2.6.7"

"agent-base@6":
  "integrity" "sha512-RZNwNclF7+MS/8bDg70amg32dyeZGZxiDuQmZxKLAlQjr3jGyLx+4Kkk58UO7D2QdgFIQCovuSuZESne6RG6XQ=="
  "resolved" "https://registry.npmjs.org/agent-base/-/agent-base-6.0.2.tgz"
  "version" "6.0.2"
  dependencies:
    "debug" "4"

"chroma-js@^2.4.2":
  "integrity" "sha512-U9eDw6+wt7V8z5NncY2jJfZa+hUH8XEj8FQHgFJTrUFnJfXYf4Ml4adI2vXZOjqRDpFWtYVWypDfZwnJ+HIR4A=="
  "resolved" "https://registry.npmjs.org/chroma-js/-/chroma-js-2.4.2.tgz"
  "version" "2.4.2"

"cwise-compiler@^1.1.2":
  "integrity" "sha512-WXlK/m+Di8DMMcCjcWr4i+XzcQra9eCdXIJrgh4TUgh0pIS/yJduLxS9JgefsHJ/YVLdgPtXm9r62W92MvanEQ=="
  "resolved" "https://registry.npmjs.org/cwise-compiler/-/cwise-compiler-1.1.3.tgz"
  "version" "1.1.3"
  dependencies:
    "uniq" "^1.0.0"

"debug@4":
  "integrity" "sha512-PRWFHuSU3eDtQJPvnNY7Jcket1j0t5OuOsFzPPzsekD52Zl8qUfFIPEiswXqIvHWGVHOgX+7G/vCNNhehwxfkQ=="
  "resolved" "https://registry.npmjs.org/debug/-/debug-4.3.4.tgz"
  "version" "4.3.4"
  dependencies:
    "ms" "2.1.2"

"depd@2.0.0":
  "integrity" "sha512-g7nH6P6dyDioJogAAGprGpCtVImJhpPk/roCzdb3fIh61/s/nPsfR6onyMwkCAR/OlC3yBC0lESvUoQEAssIrw=="
  "resolved" "https://registry.npmjs.org/depd/-/depd-2.0.0.tgz"
  "version" "2.0.0"

"http-errors@^2.0.0":
  "integrity" "sha512-FtwrG/euBzaEjYeRqOgly7G0qviiXoJWnvEH2Z1plBdXgbyjv34pHTSb9zoeHMyDy33+DWy5Wt9Wo+TURtOYSQ=="
  "resolved" "https://registry.npmjs.org/http-errors/-/http-errors-2.0.0.tgz"
  "version" "2.0.0"
  dependencies:
    "depd" "2.0.0"
    "inherits" "2.0.4"
    "setprototypeof" "1.2.0"
    "statuses" "2.0.1"
    "toidentifier" "1.0.1"

"http-proxy-agent@^5.0.0":
  "integrity" "sha512-n2hY8YdoRE1i7r6M0w9DIw5GgZN0G25P8zLCRQ8rjXtTU3vsNFBI/vWK/UIeE6g5MUUz6avwAPXmL6Fy9D/90w=="
  "resolved" "https://registry.npmjs.org/http-proxy-agent/-/http-proxy-agent-5.0.0.tgz"
  "version" "5.0.0"
  dependencies:
    "@tootallnate/once" "2"
    "agent-base" "6"
    "debug" "4"

"inherits@2.0.4":
  "integrity" "sha512-k/vGaX4/Yla3WzyMCvTQOXYeIHvqOKtnqBduzTHpzpQZzAskKMhZ2K+EnBiSM9zGSoIFeMpXKxa4dYeZIQqewQ=="
  "resolved" "https://registry.npmjs.org/inherits/-/inherits-2.0.4.tgz"
  "version" "2.0.4"

"iota-array@^1.0.0":
  "integrity" "sha512-pZ2xT+LOHckCatGQ3DcG/a+QuEqvoxqkiL7tvE8nn3uuu+f6i1TtpB5/FtWFbxUuVr5PZCx8KskuGatbJDXOWA=="
  "resolved" "https://registry.npmjs.org/iota-array/-/iota-array-1.0.0.tgz"
  "version" "1.0.0"

"is-buffer@^1.0.2":
  "integrity" "sha512-NcdALwpXkTm5Zvvbk7owOUSvVvBKDgKP5/ewfXEznmQFfs4ZRmanOeKBTjRVjka3QFoN6XJ+9F3USqfHqTaU5w=="
  "resolved" "https://registry.npmjs.org/is-buffer/-/is-buffer-1.1.6.tgz"
  "version" "1.1.6"

"jpeg-js@^0.4.4":
  "integrity" "sha512-WZzeDOEtTOBK4Mdsar0IqEU5sMr3vSV2RqkAIzUEV2BHnUfKGyswWFPFwK5EeDo93K3FohSHbLAjj0s1Wzd+dg=="
  "resolved" "https://registry.npmjs.org/jpeg-js/-/jpeg-js-0.4.4.tgz"
  "version" "0.4.4"

"lazyness@^1.2.0":
  "integrity" "sha512-KenL6EFbwxBwRxG93t0gcUyi0Nw0Ub31FJKN1laA4UscdkL1K1AxUd0gYZdcLU3v+x+wcFi4uQKS5hL+fk500g=="
  "resolved" "https://registry.npmjs.org/lazyness/-/lazyness-1.2.0.tgz"
  "version" "1.2.0"

"ms@2.1.2":
  "integrity" "sha512-sGkPx+VjMtmA6MX27oA4FBFELFCZZ4S4XqeGOXCv68tT+jb3vk/RyaKWP0PTKyWtmLSM0b+adUTEvbs1PEaH2w=="
  "resolved" "https://registry.npmjs.org/ms/-/ms-2.1.2.tgz"
  "version" "2.1.2"

"ndarray-pack@^1.1.1":
  "integrity" "sha512-51cECUJMT0rUZNQa09EoKsnFeDL4x2dHRT0VR5U2H5ZgEcm95ZDWcMA5JShroXjHOejmAD/fg8+H+OvUnVXz2g=="
  "resolved" "https://registry.npmjs.org/ndarray-pack/-/ndarray-pack-1.2.1.tgz"
  "version" "1.2.1"
  dependencies:
    "cwise-compiler" "^1.1.2"
    "ndarray" "^1.0.13"

"ndarray@^1.0.13", "ndarray@^1.0.19":
  "integrity" "sha512-B4JHA4vdyZU30ELBw3g7/p9bZupyew5a7tX1Y/gGeF2hafrPaQZhgrGQfsvgfYbgdFZjYwuEcnaobeM/WMW+HQ=="
  "resolved" "https://registry.npmjs.org/ndarray/-/ndarray-1.0.19.tgz"
  "version" "1.0.19"
  dependencies:
    "iota-array" "^1.0.0"
    "is-buffer" "^1.0.2"

"nextgen-events@^1.5.3":
  "integrity" "sha512-P6qw6kenNXP+J9XlKJNi/MNHUQ+Lx5K8FEcSfX7/w8KJdZan5+BB5MKzuNgL2RTjHG1Svg8SehfseVEp8zAqwA=="
  "resolved" "https://registry.npmjs.org/nextgen-events/-/nextgen-events-1.5.3.tgz"
  "version" "1.5.3"

"node-bitmap@0.0.1":
  "integrity" "sha512-Jx5lPaaLdIaOsj2mVLWMWulXF6GQVdyLvNSxmiYCvZ8Ma2hfKX0POoR2kgKOqz+oFsRreq0yYZjQ2wjE9VNzCA=="
  "resolved" "https://registry.npmjs.org/node-bitmap/-/node-bitmap-0.0.1.tgz"
  "version" "0.0.1"

"node-fetch@^2.6.7":
  "integrity" "sha512-ZjMPFEfVx5j+y2yF35Kzx5sF7kDzxuDj6ziH4FFbOp87zKDZNx8yExJIb05OGF4Nlt9IHFIMBkRl41VdvcNdbQ=="
  "resolved" "https://registry.npmjs.org/node-fetch/-/node-fetch-2.6.7.tgz"
  "version" "2.6.7"
  dependencies:
    "whatwg-url" "^5.0.0"

"omggif@^1.0.10":
  "integrity" "sha512-LMJTtvgc/nugXj0Vcrrs68Mn2D1r0zf630VNtqtpI1FEO7e+O9FP4gqs9AcnBaSEeoHIPm28u6qgPR0oyEpGSw=="
  "resolved" "https://registry.npmjs.org/omggif/-/omggif-1.0.10.tgz"
  "version" "1.0.10"

"pngjs@^6.0.0":
  "integrity" "sha512-TRzzuFRRmEoSW/p1KVAmiOgPco2Irlah+bGFCeNfJXxxYGwSw7YwAOAcd7X28K/m5bjBWKsC29KyoMfHbypayg=="
  "resolved" "https://registry.npmjs.org/pngjs/-/pngjs-6.0.0.tgz"
  "version" "6.0.0"

"setimmediate@^1.0.5":
  "integrity" "sha512-MATJdZp8sLqDl/68LfQmbP8zKPLQNV6BIZoIgrscFDQ+RsvK/BxeDQOgyxKKoh0y/8h3BqVFnCqQ/gd+reiIXA=="
  "resolved" "https://registry.npmjs.org/setimmediate/-/setimmediate-1.0.5.tgz"
  "version" "1.0.5"

"setprototypeof@1.2.0":
  "integrity" "sha512-E5LDX7Wrp85Kil5bhZv46j8jOeboKq5JMmYM3gVGdGH8xFpPWXUMsNrlODCrkoxMEeNi/XZIwuRvY4XNwYMJpw=="
  "resolved" "https://registry.npmjs.org/setprototypeof/-/setprototypeof-1.2.0.tgz"
  "version" "1.2.0"

"seventh@^0.8.1":
  "integrity" "sha512-GQsGIdg98GLYW4KEtzr+JKfI94NTaSeJAzAL3XrObeFeHvVp7PwuVELYNzk6XO1s8rWD+tTDKce3wh/No8ZPAg=="
  "resolved" "https://registry.npmjs.org/seventh/-/seventh-0.8.2.tgz"
  "version" "0.8.2"
  dependencies:
    "setimmediate" "^1.0.5"

"statuses@2.0.1":
  "integrity" "sha512-RwNA9Z/7PrK06rYLIzFMlaF+l73iwpzsqRIFgbMLbTcLD6cOao82TaWefPXQvB2fOC4AjuYSEndS7N/mTCbkdQ=="
  "resolved" "https://registry.npmjs.org/statuses/-/statuses-2.0.1.tgz"
  "version" "2.0.1"

"string-kit@^0.17.6":
  "integrity" "sha512-pOxjrtmo9d6mDdGkWFUAh74mPBTY1dcSZICxoK3hG3P6tIasjQGNrwFeIyglg1q2DFNa5SVXuP1rU1GglF+xgA=="
  "resolved" "https://registry.npmjs.org/string-kit/-/string-kit-0.17.7.tgz"
  "version" "0.17.7"

"terminal-kit@^3.0.0":
  "integrity" "sha512-GSJGYF0+hoFylKJXmq0ntE42b4S7zUkxFpf7FqHGwKFPCNeGkuv3jV0tmGquZkmfh5mYb/B2xoPJiP40mJsQrg=="
  "resolved" "https://registry.npmjs.org/terminal-kit/-/terminal-kit-3.0.0.tgz"
  "version" "3.0.0"
  dependencies:
    "@cronvel/get-pixels" "^3.4.1"
    "chroma-js" "^2.4.2"
    "lazyness" "^1.2.0"
    "ndarray" "^1.0.19"
    "nextgen-events" "^1.5.3"
    "seventh" "^0.8.1"
    "string-kit" "^0.17.6"
    "tree-kit" "^0.7.4"

"toidentifier@1.0.1":
  "integrity" "sha512-o5sSPKEkg/DIQNmH43V0/uerLrpzVedkUh8tGNvaeXpfpuwjKenlSox/2O/BTlZUtEe+JG7s5YhEz608PlAHRA=="
  "resolved" "https://registry.npmjs.org/toidentifier/-/toidentifier-1.0.1.tgz"
  "version" "1.0.1"

"tr46@~0.0.3":
  "integrity" "sha512-N3WMsuqV66lT30CrXNbEjx4GEwlow3v6rr4mCcv6prnfwhS01rkgyFdjPNBYd9br7LpXV1+Emh01fHnq2Gdgrw=="
  "resolved" "https://registry.npmjs.org/tr46/-/tr46-0.0.3.tgz"
  "version" "0.0.3"

"tree-kit@^0.7.4":
  "integrity" "sha512-Of3tPmVs3b6BhzyUJ7t0olisf47kYr9qAm0XaUpURMjdBn6TwiVaaMuTFoKkkvPGojd9trKAHlrGGcGKcdR1DA=="
  "resolved" "https://registry.npmjs.org/tree-kit/-/tree-kit-0.7.4.tgz"
  "version" "0.7.4"

"uniq@^1.0.0":
  "integrity" "sha512-Gw+zz50YNKPDKXs+9d+aKAjVwpjNwqzvNpLigIruT4HA9lMZNdMqs9x07kKHB/L9WRzqp4+DlTU5s4wG2esdoA=="
  "resolved" "https://registry.npmjs.org/uniq/-/uniq-1.0.1.tgz"
  "version" "1.0.1"

"webidl-conversions@^3.0.0":
  "integrity" "sha512-2JAn3z8AR6rjK8Sm8orRC0h/bcl/DqL7tRPdGZ4I1CjdF+EaMLmYxBHyXuKL849eucPFhvBoxMsflfOb8kxaeQ=="
  "resolved" "https://registry.npmjs.org/webidl-conversions/-/webidl-conversions-3.0.1.tgz"
  "version" "3.0.1"

"whatwg-url@^5.0.0":
  "integrity" "sha512-saE57nupxk6v3HY35+jzBwYa0rKSy0XR8JSxZPwgLr7ys0IBzhGviA1/TUGJLmSVqs8pb9AnvICXEuOHLprYTw=="
  "resolved" "https://registry.npmjs.org/whatwg-url/-/whatwg-url-5.0.0.tgz"
  "version" "5.0.0"
  dependencies:
    "tr46" "~0.0.3"
    "webidl-conversions" "^3.0.0"
